
Microsoft Visual Studio Solution File, Format Version 12.00
# Visual Studio Version 17
VisualStudioVersion = 17.1.32319.34
MinimumVisualStudioVersion = 10.0.40219.1
Project("{9A19103F-16F7-4668-BE54-9A1E7A4F7556}") = "FuFuShop", "FuFuShop\FuFuShop.csproj", "{E3B987BA-FE0B-4C6D-B1F4-B3AF5EE682F7}"
EndProject
Project("{9A19103F-16F7-4668-BE54-9A1E7A4F7556}") = "FuFuShop.Services", "FuFuShop.Services\FuFuShop.Services.csproj", "{56B20466-A642-410B-BB4F-EADA9DDCE375}"
EndProject
Project("{9A19103F-16F7-4668-BE54-9A1E7A4F7556}") = "FuFuShop.Repository", "FuFuShop.Repository\FuFuShop.Repository.csproj", "{9305E7F6-0C19-4368-84EE-D92201B182CA}"
EndProject
Project("{9A19103F-16F7-4668-BE54-9A1E7A4F7556}") = "FuFuShop.Model", "FuFuShop.Model\FuFuShop.Model.csproj", "{BC51AE4E-AB2D-48F2-8BD5-81B50AEFD8BA}"
EndProject
Project("{9A19103F-16F7-4668-BE54-9A1E7A4F7556}") = "FuFuShop.Common", "FuFuShop.Common\FuFuShop.Common.csproj", "{7BC38DF4-73F6-48A2-9AC6-C0A914F4E3E7}"
EndProject
Project("{9A19103F-16F7-4668-BE54-9A1E7A4F7556}") = "FuFuShop.WeChat", "FuFuShop.WeChat\FuFuShop.WeChat.csproj", "{B90B3481-B65C-4007-A676-CFF1685EB048}"
EndProject
Project("{9A19103F-16F7-4668-BE54-9A1E7A4F7556}") = "FuFuShop.Tasks", "FuFuShop.Tasks\FuFuShop.Tasks.csproj", "{587C3577-56E1-479A-90AC-0B004A27C481}"
EndProject
Project("{9A19103F-16F7-4668-BE54-9A1E7A4F7556}") = "FuFuShop.Admin", "FuFuShop.Admin\FuFuShop.Admin.csproj", "{45A7A585-C06B-413D-A756-5881AF7333C3}"
EndProject
Global
	GlobalSection(SolutionConfigurationPlatforms) = preSolution
		Debug|Any CPU = Debug|Any CPU
		Release|Any CPU = Release|Any CPU
	EndGlobalSection
	GlobalSection(ProjectConfigurationPlatforms) = postSolution
		{E3B987BA-FE0B-4C6D-B1F4-B3AF5EE682F7}.Debug|Any CPU.ActiveCfg = Debug|Any CPU
		{E3B987BA-FE0B-4C6D-B1F4-B3AF5EE682F7}.Debug|Any CPU.Build.0 = Debug|Any CPU
		{E3B987BA-FE0B-4C6D-B1F4-B3AF5EE682F7}.Release|Any CPU.ActiveCfg = Release|Any CPU
		{E3B987BA-FE0B-4C6D-B1F4-B3AF5EE682F7}.Release|Any CPU.Build.0 = Release|Any CPU
		{56B20466-A642-410B-BB4F-EADA9DDCE375}.Debug|Any CPU.ActiveCfg = Debug|Any CPU
		{56B20466-A642-410B-BB4F-EADA9DDCE375}.Debug|Any CPU.Build.0 = Debug|Any CPU
		{56B20466-A642-410B-BB4F-EADA9DDCE375}.Release|Any CPU.ActiveCfg = Release|Any CPU
		{56B20466-A642-410B-BB4F-EADA9DDCE375}.Release|Any CPU.Build.0 = Release|Any CPU
		{9305E7F6-0C19-4368-84EE-D92201B182CA}.Debug|Any CPU.ActiveCfg = Debug|Any CPU
		{9305E7F6-0C19-4368-84EE-D92201B182CA}.Debug|Any CPU.Build.0 = Debug|Any CPU
		{9305E7F6-0C19-4368-84EE-D92201B182CA}.Release|Any CPU.ActiveCfg = Release|Any CPU
		{9305E7F6-0C19-4368-84EE-D92201B182CA}.Release|Any CPU.Build.0 = Release|Any CPU
		{BC51AE4E-AB2D-48F2-8BD5-81B50AEFD8BA}.Debug|Any CPU.ActiveCfg = Debug|Any CPU
		{BC51AE4E-AB2D-48F2-8BD5-81B50AEFD8BA}.Debug|Any CPU.Build.0 = Debug|Any CPU
		{BC51AE4E-AB2D-48F2-8BD5-81B50AEFD8BA}.Release|Any CPU.ActiveCfg = Release|Any CPU
		{BC51AE4E-AB2D-48F2-8BD5-81B50AEFD8BA}.Release|Any CPU.Build.0 = Release|Any CPU
		{7BC38DF4-73F6-48A2-9AC6-C0A914F4E3E7}.Debug|Any CPU.ActiveCfg = Debug|Any CPU
		{7BC38DF4-73F6-48A2-9AC6-C0A914F4E3E7}.Debug|Any CPU.Build.0 = Debug|Any CPU
		{7BC38DF4-73F6-48A2-9AC6-C0A914F4E3E7}.Release|Any CPU.ActiveCfg = Release|Any CPU
		{7BC38DF4-73F6-48A2-9AC6-C0A914F4E3E7}.Release|Any CPU.Build.0 = Release|Any CPU
		{B90B3481-B65C-4007-A676-CFF1685EB048}.Debug|Any CPU.ActiveCfg = Debug|Any CPU
		{B90B3481-B65C-4007-A676-CFF1685EB048}.Debug|Any CPU.Build.0 = Debug|Any CPU
		{B90B3481-B65C-4007-A676-CFF1685EB048}.Release|Any CPU.ActiveCfg = Release|Any CPU
		{B90B3481-B65C-4007-A676-CFF1685EB048}.Release|Any CPU.Build.0 = Release|Any CPU
		{587C3577-56E1-479A-90AC-0B004A27C481}.Debug|Any CPU.ActiveCfg = Debug|Any CPU
		{587C3577-56E1-479A-90AC-0B004A27C481}.Debug|Any CPU.Build.0 = Debug|Any CPU
		{587C3577-56E1-479A-90AC-0B004A27C481}.Release|Any CPU.ActiveCfg = Release|Any CPU
		{587C3577-56E1-479A-90AC-0B004A27C481}.Release|Any CPU.Build.0 = Release|Any CPU
		{45A7A585-C06B-413D-A756-5881AF7333C3}.Debug|Any CPU.ActiveCfg = Debug|Any CPU
		{45A7A585-C06B-413D-A756-5881AF7333C3}.Debug|Any CPU.Build.0 = Debug|Any CPU
		{45A7A585-C06B-413D-A756-5881AF7333C3}.Release|Any CPU.ActiveCfg = Release|Any CPU
		{45A7A585-C06B-413D-A756-5881AF7333C3}.Release|Any CPU.Build.0 = Release|Any CPU
	EndGlobalSection
	GlobalSection(SolutionProperties) = preSolution
		HideSolutionNode = FALSE
	EndGlobalSection
	GlobalSection(ExtensibilityGlobals) = postSolution
		SolutionGuid = {96E9FF99-B279-4031-BDBD-4AFEB17C5CAA}
	EndGlobalSection
EndGlobal
